
Microsoft Visual Studio Solution File, Format Version 12.00
# Visual Studio Version 17
VisualStudioVersion = 17.0.32126.317
MinimumVisualStudioVersion = 10.0.40219.1
Project("{2150E333-8FDC-42A3-9474-1A3956D46DE8}") = "Business", "Business", "{924A9C44-1C28-4798-A421-361C715E9923}"
EndProject
Project("{2150E333-8FDC-42A3-9474-1A3956D46DE8}") = "Presentation", "Presentation", "{E3ED1AC7-E35C-4A91-967D-C0C9A1FD5244}"
EndProject
Project("{2150E333-8FDC-42A3-9474-1A3956D46DE8}") = "Domain", "Domain", "{E6DC6C67-EF75-429D-A008-9968CD95F14D}"
EndProject
Project("{2150E333-8FDC-42A3-9474-1A3956D46DE8}") = "Persistent", "Persistent", "{539AD97E-8E78-4C46-828E-89B58EC9F342}"
EndProject
Project("{2150E333-8FDC-42A3-9474-1A3956D46DE8}") = "Test", "Test", "{D1DDDD76-717C-4CC3-A180-6EC58A965D3D}"
EndProject
Project("{2150E333-8FDC-42A3-9474-1A3956D46DE8}") = "Framework", "Framework", "{253027FB-0B32-4D0D-9595-509F0A1F88C3}"
EndProject
Project("{9A19103F-16F7-4668-BE54-9A1E7A4F7556}") = "DotNet.MiniAPI.MicroService.Persistent.Contract", "Persistent\DotNet.MiniAPI.MicroService.Persistent.Contract\DotNet.MiniAPI.MicroService.Persistent.Contract.csproj", "{986E53D7-3E4F-4BB3-8F12-17C6A02A7A29}"
EndProject
Project("{9A19103F-16F7-4668-BE54-9A1E7A4F7556}") = "DotNet.MiniAPI.MicroService.Persistent", "Persistent\DotNet.MiniAPI.MicroService.Persistent\DotNet.MiniAPI.MicroService.Persistent.csproj", "{DB2B844D-2A7B-47EF-BE29-F441254DA2A6}"
EndProject
Project("{9A19103F-16F7-4668-BE54-9A1E7A4F7556}") = "DotNet.MiniAPI.MicroService.Models", "Domain\DotNet.MiniAPI.MicroService.Models\DotNet.MiniAPI.MicroService.Models.csproj", "{8F3E3351-6B60-4374-97F7-FF36D3D28B4E}"
EndProject
Project("{9A19103F-16F7-4668-BE54-9A1E7A4F7556}") = "DotNet.MiniAPI.MicroService.Business.Contract", "Business\DotNet.MiniAPI.MicroService.Business.Contract\DotNet.MiniAPI.MicroService.Business.Contract.csproj", "{78ABDB92-B9F5-4599-96D3-2F9B090187F4}"
EndProject
Project("{9A19103F-16F7-4668-BE54-9A1E7A4F7556}") = "DotNet.MiniAPI.MicroService.Business", "Business\DotNet.MiniAPI.MicroService.Business\DotNet.MiniAPI.MicroService.Business.csproj", "{C3BFEA65-3C3D-4659-AB9C-05A227C218AF}"
EndProject
Project("{2150E333-8FDC-42A3-9474-1A3956D46DE8}") = "API", "API", "{01C2304E-498C-4AE3-AB98-330D1A5AEAD5}"
EndProject
Project("{9A19103F-16F7-4668-BE54-9A1E7A4F7556}") = "DotNet.MiniAPI.MicroService.API.Employee", "Presentation\API\DotNet.MiniProject.MicroService.API.Employee\DotNet.MiniAPI.MicroService.API.Employee.csproj", "{CEDCAEA8-6575-4038-810E-3360006FDE01}"
EndProject
Project("{FAE04EC0-301F-11D3-BF4B-00C04F79EFBC}") = "DotNet.MiniAPI.MicroService.Framework.Logger", "Framework\DotNet.MiniAPI.MicroService.Framework.Exception\DotNet.MiniAPI.MicroService.Framework.Logger.csproj", "{1079EA35-7800-4831-B658-93D11311B7E8}"
EndProject
Project("{FAE04EC0-301F-11D3-BF4B-00C04F79EFBC}") = "DotNet.MiniAPI.MicroService.Framework.HealthCheck", "Framework\DotNet.MiniAPI.MicroService.Framework.HealthCheck\DotNet.MiniAPI.MicroService.Framework.HealthCheck.csproj", "{44E16B0E-1839-497F-BCE4-0BF80DA98D88}"
EndProject
Global
	GlobalSection(SolutionConfigurationPlatforms) = preSolution
		Debug|Any CPU = Debug|Any CPU
		Release|Any CPU = Release|Any CPU
	EndGlobalSection
	GlobalSection(ProjectConfigurationPlatforms) = postSolution
		{986E53D7-3E4F-4BB3-8F12-17C6A02A7A29}.Debug|Any CPU.ActiveCfg = Debug|Any CPU
		{986E53D7-3E4F-4BB3-8F12-17C6A02A7A29}.Debug|Any CPU.Build.0 = Debug|Any CPU
		{986E53D7-3E4F-4BB3-8F12-17C6A02A7A29}.Release|Any CPU.ActiveCfg = Release|Any CPU
		{986E53D7-3E4F-4BB3-8F12-17C6A02A7A29}.Release|Any CPU.Build.0 = Release|Any CPU
		{DB2B844D-2A7B-47EF-BE29-F441254DA2A6}.Debug|Any CPU.ActiveCfg = Debug|Any CPU
		{DB2B844D-2A7B-47EF-BE29-F441254DA2A6}.Debug|Any CPU.Build.0 = Debug|Any CPU
		{DB2B844D-2A7B-47EF-BE29-F441254DA2A6}.Release|Any CPU.ActiveCfg = Release|Any CPU
		{DB2B844D-2A7B-47EF-BE29-F441254DA2A6}.Release|Any CPU.Build.0 = Release|Any CPU
		{8F3E3351-6B60-4374-97F7-FF36D3D28B4E}.Debug|Any CPU.ActiveCfg = Debug|Any CPU
		{8F3E3351-6B60-4374-97F7-FF36D3D28B4E}.Debug|Any CPU.Build.0 = Debug|Any CPU
		{8F3E3351-6B60-4374-97F7-FF36D3D28B4E}.Release|Any CPU.ActiveCfg = Release|Any CPU
		{8F3E3351-6B60-4374-97F7-FF36D3D28B4E}.Release|Any CPU.Build.0 = Release|Any CPU
		{78ABDB92-B9F5-4599-96D3-2F9B090187F4}.Debug|Any CPU.ActiveCfg = Debug|Any CPU
		{78ABDB92-B9F5-4599-96D3-2F9B090187F4}.Debug|Any CPU.Build.0 = Debug|Any CPU
		{78ABDB92-B9F5-4599-96D3-2F9B090187F4}.Release|Any CPU.ActiveCfg = Release|Any CPU
		{78ABDB92-B9F5-4599-96D3-2F9B090187F4}.Release|Any CPU.Build.0 = Release|Any CPU
		{C3BFEA65-3C3D-4659-AB9C-05A227C218AF}.Debug|Any CPU.ActiveCfg = Debug|Any CPU
		{C3BFEA65-3C3D-4659-AB9C-05A227C218AF}.Debug|Any CPU.Build.0 = Debug|Any CPU
		{C3BFEA65-3C3D-4659-AB9C-05A227C218AF}.Release|Any CPU.ActiveCfg = Release|Any CPU
		{C3BFEA65-3C3D-4659-AB9C-05A227C218AF}.Release|Any CPU.Build.0 = Release|Any CPU
		{CEDCAEA8-6575-4038-810E-3360006FDE01}.Debug|Any CPU.ActiveCfg = Debug|Any CPU
		{CEDCAEA8-6575-4038-810E-3360006FDE01}.Debug|Any CPU.Build.0 = Debug|Any CPU
		{CEDCAEA8-6575-4038-810E-3360006FDE01}.Release|Any CPU.ActiveCfg = Release|Any CPU
		{CEDCAEA8-6575-4038-810E-3360006FDE01}.Release|Any CPU.Build.0 = Release|Any CPU
		{1079EA35-7800-4831-B658-93D11311B7E8}.Debug|Any CPU.ActiveCfg = Debug|Any CPU
		{1079EA35-7800-4831-B658-93D11311B7E8}.Debug|Any CPU.Build.0 = Debug|Any CPU
		{1079EA35-7800-4831-B658-93D11311B7E8}.Release|Any CPU.ActiveCfg = Release|Any CPU
		{1079EA35-7800-4831-B658-93D11311B7E8}.Release|Any CPU.Build.0 = Release|Any CPU
		{44E16B0E-1839-497F-BCE4-0BF80DA98D88}.Debug|Any CPU.ActiveCfg = Debug|Any CPU
		{44E16B0E-1839-497F-BCE4-0BF80DA98D88}.Debug|Any CPU.Build.0 = Debug|Any CPU
		{44E16B0E-1839-497F-BCE4-0BF80DA98D88}.Release|Any CPU.ActiveCfg = Release|Any CPU
		{44E16B0E-1839-497F-BCE4-0BF80DA98D88}.Release|Any CPU.Build.0 = Release|Any CPU
	EndGlobalSection
	GlobalSection(SolutionProperties) = preSolution
		HideSolutionNode = FALSE
	EndGlobalSection
	GlobalSection(NestedProjects) = preSolution
		{986E53D7-3E4F-4BB3-8F12-17C6A02A7A29} = {539AD97E-8E78-4C46-828E-89B58EC9F342}
		{DB2B844D-2A7B-47EF-BE29-F441254DA2A6} = {539AD97E-8E78-4C46-828E-89B58EC9F342}
		{8F3E3351-6B60-4374-97F7-FF36D3D28B4E} = {E6DC6C67-EF75-429D-A008-9968CD95F14D}
		{78ABDB92-B9F5-4599-96D3-2F9B090187F4} = {924A9C44-1C28-4798-A421-361C715E9923}
		{C3BFEA65-3C3D-4659-AB9C-05A227C218AF} = {924A9C44-1C28-4798-A421-361C715E9923}
		{01C2304E-498C-4AE3-AB98-330D1A5AEAD5} = {E3ED1AC7-E35C-4A91-967D-C0C9A1FD5244}
		{CEDCAEA8-6575-4038-810E-3360006FDE01} = {01C2304E-498C-4AE3-AB98-330D1A5AEAD5}
		{1079EA35-7800-4831-B658-93D11311B7E8} = {253027FB-0B32-4D0D-9595-509F0A1F88C3}
		{44E16B0E-1839-497F-BCE4-0BF80DA98D88} = {253027FB-0B32-4D0D-9595-509F0A1F88C3}
	EndGlobalSection
	GlobalSection(ExtensibilityGlobals) = postSolution
		SolutionGuid = {EE71202E-E10A-4558-A90D-3FE91800D640}
	EndGlobalSection
EndGlobal
